
Microsoft Visual Studio Solution File, Format Version 12.00
# Visual Studio Version 17
VisualStudioVersion = 17.8.34330.188
MinimumVisualStudioVersion = 10.0.40219.1
Project("{FAE04EC0-301F-11D3-BF4B-00C04F79EFBC}") = "WebJobsServiceBusScalingDemo", "WebJobsServiceBusScalingDemo.csproj", "{26F36031-0C76-4607-9E1A-9AA57A1D88C5}"
EndProject
Global
	GlobalSection(SolutionConfigurationPlatforms) = preSolution
		Debug|Any CPU = Debug|Any CPU
		Release|Any CPU = Release|Any CPU
	EndGlobalSection
	GlobalSection(ProjectConfigurationPlatforms) = postSolution
		{26F36031-0C76-4607-9E1A-9AA57A1D88C5}.Debug|Any CPU.ActiveCfg = Debug|Any CPU
		{26F36031-0C76-4607-9E1A-9AA57A1D88C5}.Debug|Any CPU.Build.0 = Debug|Any CPU
		{26F36031-0C76-4607-9E1A-9AA57A1D88C5}.Release|Any CPU.ActiveCfg = Release|Any CPU
		{26F36031-0C76-4607-9E1A-9AA57A1D88C5}.Release|Any CPU.Build.0 = Release|Any CPU
	EndGlobalSection
	GlobalSection(SolutionProperties) = preSolution
		HideSolutionNode = FALSE
	EndGlobalSection
	GlobalSection(ExtensibilityGlobals) = postSolution
		SolutionGuid = {05383060-281E-4606-B81E-49364DDB9A5F}
	EndGlobalSection
EndGlobal
